
Microsoft Visual Studio Solution File, Format Version 12.00
# Visual Studio Version 17
VisualStudioVersion = 17.6.33723.286
MinimumVisualStudioVersion = 10.0.40219.1
Project("{FAE04EC0-301F-11D3-BF4B-00C04F79EFBC}") = "S3GBARandoApp", "S3GBARandoApp.csproj", "{A8AA49FB-C497-4309-ADDB-16ACCDFE9DF0}"
EndProject
Global
	GlobalSection(SolutionConfigurationPlatforms) = preSolution
		Debug|Any CPU = Debug|Any CPU
		Release|Any CPU = Release|Any CPU
	EndGlobalSection
	GlobalSection(ProjectConfigurationPlatforms) = postSolution
		{A8AA49FB-C497-4309-ADDB-16ACCDFE9DF0}.Debug|Any CPU.ActiveCfg = Debug|Any CPU
		{A8AA49FB-C497-4309-ADDB-16ACCDFE9DF0}.Debug|Any CPU.Build.0 = Debug|Any CPU
		{A8AA49FB-C497-4309-ADDB-16ACCDFE9DF0}.Release|Any CPU.ActiveCfg = Release|Any CPU
		{A8AA49FB-C497-4309-ADDB-16ACCDFE9DF0}.Release|Any CPU.Build.0 = Release|Any CPU
	EndGlobalSection
	GlobalSection(SolutionProperties) = preSolution
		HideSolutionNode = FALSE
	EndGlobalSection
	GlobalSection(ExtensibilityGlobals) = postSolution
		SolutionGuid = {CE26D306-660C-4102-8662-A0B05E0B9098}
	EndGlobalSection
EndGlobal
